// !$*UTF8*$!
{
	archiveVersion = 1;
	classes = {
	};
	objectVersion = 50;
	objects = {

/* Begin PBXBuildFile section */
		FF03BD5020BD86D9000A2804 /* Meme.swift in Sources */ = {isa = PBXBuildFile; fileRef = FF03BD4F20BD86D9000A2804 /* Meme.swift */; };
		FF0A737620B8392A00ECD3A3 /* AppDelegate.swift in Sources */ = {isa = PBXBuildFile; fileRef = FF0A737520B8392A00ECD3A3 /* AppDelegate.swift */; };
		FF0A737820B8392A00ECD3A3 /* MemeMeVC.swift in Sources */ = {isa = PBXBuildFile; fileRef = FF0A737720B8392A00ECD3A3 /* MemeMeVC.swift */; };
		FF0A737B20B8392A00ECD3A3 /* Main.storyboard in Resources */ = {isa = PBXBuildFile; fileRef = FF0A737920B8392A00ECD3A3 /* Main.storyboard */; };
		FF0A737D20B8392B00ECD3A3 /* Assets.xcassets in Resources */ = {isa = PBXBuildFile; fileRef = FF0A737C20B8392B00ECD3A3 /* Assets.xcassets */; };
		FF0A738020B8392B00ECD3A3 /* LaunchScreen.storyboard in Resources */ = {isa = PBXBuildFile; fileRef = FF0A737E20B8392B00ECD3A3 /* LaunchScreen.storyboard */; };
		FF0A738920B8436B00ECD3A3 /* Impact.ttf in Resources */ = {isa = PBXBuildFile; fileRef = FF0A738820B8436B00ECD3A3 /* Impact.ttf */; };
		FF6CA32820D5F8DB008C6175 /* MemeMeCollectionView.swift in Sources */ = {isa = PBXBuildFile; fileRef = FF6CA32720D5F8DB008C6175 /* MemeMeCollectionView.swift */; };
		FF6CA32A20D5FE1C008C6175 /* MemeMeCollectionViewCell.swift in Sources */ = {isa = PBXBuildFile; fileRef = FF6CA32920D5FE1C008C6175 /* MemeMeCollectionViewCell.swift */; };
		FF90DAFB20D2258B00F6CD5D /* MemeMeTableVC.swift in Sources */ = {isa = PBXBuildFile; fileRef = FF90DAFA20D2258B00F6CD5D /* MemeMeTableVC.swift */; };
		FF90DB1E20D556EA00F6CD5D /* MemeMeTableViewCell.swift in Sources */ = {isa = PBXBuildFile; fileRef = FF90DB1D20D556EA00F6CD5D /* MemeMeTableViewCell.swift */; };
		FF90DB2020D56F2100F6CD5D /* Data.swift in Sources */ = {isa = PBXBuildFile; fileRef = FF90DB1F20D56F2100F6CD5D /* Data.swift */; };
		FF90DB2220D578C600F6CD5D /* memeTest.jpg in Resources */ = {isa = PBXBuildFile; fileRef = FF90DB2120D578C600F6CD5D /* memeTest.jpg */; };
/* End PBXBuildFile section */

/* Begin PBXFileReference section */
		FF03BD4F20BD86D9000A2804 /* Meme.swift */ = {isa = PBXFileReference; lastKnownFileType = sourcecode.swift; path = Meme.swift; sourceTree = "<group>"; };
		FF0A737220B8392A00ECD3A3 /* MemeMeV1.app */ = {isa = PBXFileReference; explicitFileType = wrapper.application; includeInIndex = 0; path = MemeMeV1.app; sourceTree = BUILT_PRODUCTS_DIR; };
		FF0A737520B8392A00ECD3A3 /* AppDelegate.swift */ = {isa = PBXFileReference; lastKnownFileType = sourcecode.swift; path = AppDelegate.swift; sourceTree = "<group>"; };
		FF0A737720B8392A00ECD3A3 /* MemeMeVC.swift */ = {isa = PBXFileReference; lastKnownFileType = sourcecode.swift; path = MemeMeVC.swift; sourceTree = "<group>"; };
		FF0A737A20B8392A00ECD3A3 /* Base */ = {isa = PBXFileReference; lastKnownFileType = file.storyboard; name = Base; path = Base.lproj/Main.storyboard; sourceTree = "<group>"; };
		FF0A737C20B8392B00ECD3A3 /* Assets.xcassets */ = {isa = PBXFileReference; lastKnownFileType = folder.assetcatalog; path = Assets.xcassets; sourceTree = "<group>"; };
		FF0A737F20B8392B00ECD3A3 /* Base */ = {isa = PBXFileReference; lastKnownFileType = file.storyboard; name = Base; path = Base.lproj/LaunchScreen.storyboard; sourceTree = "<group>"; };
		FF0A738120B8392B00ECD3A3 /* Info.plist */ = {isa = PBXFileReference; lastKnownFileType = text.plist.xml; path = Info.plist; sourceTree = "<group>"; };
		FF0A738820B8436B00ECD3A3 /* Impact.ttf */ = {isa = PBXFileReference; lastKnownFileType = file; path = Impact.ttf; sourceTree = "<group>"; };
		FF6CA32720D5F8DB008C6175 /* MemeMeCollectionView.swift */ = {isa = PBXFileReference; lastKnownFileType = sourcecode.swift; path = MemeMeCollectionView.swift; sourceTree = "<group>"; };
		FF6CA32920D5FE1C008C6175 /* MemeMeCollectionViewCell.swift */ = {isa = PBXFileReference; lastKnownFileType = sourcecode.swift; path = MemeMeCollectionViewCell.swift; sourceTree = "<group>"; };
		FF90DAFA20D2258B00F6CD5D /* MemeMeTableVC.swift */ = {isa = PBXFileReference; lastKnownFileType = sourcecode.swift; path = MemeMeTableVC.swift; sourceTree = "<group>"; };
		FF90DB1D20D556EA00F6CD5D /* MemeMeTableViewCell.swift */ = {isa = PBXFileReference; lastKnownFileType = sourcecode.swift; path = MemeMeTableViewCell.swift; sourceTree = "<group>"; };
		FF90DB1F20D56F2100F6CD5D /* Data.swift */ = {isa = PBXFileReference; lastKnownFileType = sourcecode.swift; path = Data.swift; sourceTree = "<group>"; };
		FF90DB2120D578C600F6CD5D /* memeTest.jpg */ = {isa = PBXFileReference; lastKnownFileType = image.jpeg; path = memeTest.jpg; sourceTree = "<group>"; };
/* End PBXFileReference section */

/* Begin PBXFrameworksBuildPhase section */
		FF0A736F20B8392A00ECD3A3 /* Frameworks */ = {
			isa = PBXFrameworksBuildPhase;
			buildActionMask = 2147483647;
			files = (
			);
			runOnlyForDeploymentPostprocessing = 0;
		};
/* End PBXFrameworksBuildPhase section */

/* Begin PBXGroup section */
		FF0A736920B8392A00ECD3A3 = {
			isa = PBXGroup;
			children = (
				FF0A737420B8392A00ECD3A3 /* MemeMeV1 */,
				FF0A737320B8392A00ECD3A3 /* Products */,
			);
			sourceTree = "<group>";
		};
		FF0A737320B8392A00ECD3A3 /* Products */ = {
			isa = PBXGroup;
			children = (
				FF0A737220B8392A00ECD3A3 /* MemeMeV1.app */,
			);
			name = Products;
			sourceTree = "<group>";
		};
		FF0A737420B8392A00ECD3A3 /* MemeMeV1 */ = {
			isa = PBXGroup;
			children = (
				FF90DAF720D2242700F6CD5D /* ViewControllers */,
				FF90DAF620D223CD00F6CD5D /* Models */,
				FF0A737920B8392A00ECD3A3 /* Main.storyboard */,
				FF0A738120B8392B00ECD3A3 /* Info.plist */,
				FF0A738720B8395700ECD3A3 /* Support Files */,
			);
			path = MemeMeV1;
			sourceTree = "<group>";
		};
		FF0A738720B8395700ECD3A3 /* Support Files */ = {
			isa = PBXGroup;
			children = (
				FF90DB2120D578C600F6CD5D /* memeTest.jpg */,
				FF0A738820B8436B00ECD3A3 /* Impact.ttf */,
				FF0A737520B8392A00ECD3A3 /* AppDelegate.swift */,
				FF0A737C20B8392B00ECD3A3 /* Assets.xcassets */,
				FF0A737E20B8392B00ECD3A3 /* LaunchScreen.storyboard */,
			);
			path = "Support Files";
			sourceTree = "<group>";
		};
		FF6CA32620D5F8AB008C6175 /* CollectionView */ = {
			isa = PBXGroup;
			children = (
				FF6CA32720D5F8DB008C6175 /* MemeMeCollectionView.swift */,
				FF6CA32920D5FE1C008C6175 /* MemeMeCollectionViewCell.swift */,
			);
			path = CollectionView;
			sourceTree = "<group>";
		};
		FF90DAF620D223CD00F6CD5D /* Models */ = {
			isa = PBXGroup;
			children = (
				FF03BD4F20BD86D9000A2804 /* Meme.swift */,
				FF90DB1F20D56F2100F6CD5D /* Data.swift */,
			);
			path = Models;
			sourceTree = "<group>";
		};
		FF90DAF720D2242700F6CD5D /* ViewControllers */ = {
			isa = PBXGroup;
			children = (
				FF6CA32620D5F8AB008C6175 /* CollectionView */,
				FF90DB2320D5F71900F6CD5D /* TableView */,
				FF0A737720B8392A00ECD3A3 /* MemeMeVC.swift */,
			);
			path = ViewControllers;
			sourceTree = "<group>";
		};
		FF90DB2320D5F71900F6CD5D /* TableView */ = {
			isa = PBXGroup;
			children = (
				FF90DAFA20D2258B00F6CD5D /* MemeMeTableVC.swift */,
				FF90DB1D20D556EA00F6CD5D /* MemeMeTableViewCell.swift */,
			);
			path = TableView;
			sourceTree = "<group>";
		};
/* End PBXGroup section */

/* Begin PBXNativeTarget section */
		FF0A737120B8392A00ECD3A3 /* MemeMeV1 */ = {
			isa = PBXNativeTarget;
			buildConfigurationList = FF0A738420B8392B00ECD3A3 /* Build configuration list for PBXNativeTarget "MemeMeV1" */;
			buildPhases = (
				FF0A736E20B8392A00ECD3A3 /* Sources */,
				FF0A736F20B8392A00ECD3A3 /* Frameworks */,
				FF0A737020B8392A00ECD3A3 /* Resources */,
			);
			buildRules = (
			);
			dependencies = (
			);
			name = MemeMeV1;
			productName = MemeMeV1;
			productReference = FF0A737220B8392A00ECD3A3 /* MemeMeV1.app */;
			productType = "com.apple.product-type.application";
		};
/* End PBXNativeTarget section */

/* Begin PBXProject section */
		FF0A736A20B8392A00ECD3A3 /* Project object */ = {
			isa = PBXProject;
			attributes = {
				LastSwiftUpdateCheck = 0930;
				LastUpgradeCheck = 0930;
				ORGANIZATIONNAME = "Chuck Underwood";
				TargetAttributes = {
					FF0A737120B8392A00ECD3A3 = {
						CreatedOnToolsVersion = 9.3.1;
					};
				};
			};
			buildConfigurationList = FF0A736D20B8392A00ECD3A3 /* Build configuration list for PBXProject "MemeMeV1" */;
			compatibilityVersion = "Xcode 9.3";
			developmentRegion = en;
			hasScannedForEncodings = 0;
			knownRegions = (
				en,
				Base,
			);
			mainGroup = FF0A736920B8392A00ECD3A3;
			productRefGroup = FF0A737320B8392A00ECD3A3 /* Products */;
			projectDirPath = "";
			projectRoot = "";
			targets = (
				FF0A737120B8392A00ECD3A3 /* MemeMeV1 */,
			);
		};
/* End PBXProject section */

/* Begin PBXResourcesBuildPhase section */
		FF0A737020B8392A00ECD3A3 /* Resources */ = {
			isa = PBXResourcesBuildPhase;
			buildActionMask = 2147483647;
			files = (
				FF0A738920B8436B00ECD3A3 /* Impact.ttf in Resources */,
				FF0A738020B8392B00ECD3A3 /* LaunchScreen.storyboard in Resources */,
				FF0A737D20B8392B00ECD3A3 /* Assets.xcassets in Resources */,
				FF0A737B20B8392A00ECD3A3 /* Main.storyboard in Resources */,
				FF90DB2220D578C600F6CD5D /* memeTest.jpg in Resources */,
			);
			runOnlyForDeploymentPostprocessing = 0;
		};
/* End PBXResourcesBuildPhase section */

/* Begin PBXSourcesBuildPhase section */
		FF0A736E20B8392A00ECD3A3 /* Sources */ = {
			isa = PBXSourcesBuildPhase;
			buildActionMask = 2147483647;
			files = (
				FF0A737820B8392A00ECD3A3 /* MemeMeVC.swift in Sources */,
				FF90DB2020D56F2100F6CD5D /* Data.swift in Sources */,
				FF90DB1E20D556EA00F6CD5D /* MemeMeTableViewCell.swift in Sources */,
				FF90DAFB20D2258B00F6CD5D /* MemeMeTableVC.swift in Sources */,
				FF03BD5020BD86D9000A2804 /* Meme.swift in Sources */,
				FF0A737620B8392A00ECD3A3 /* AppDelegate.swift in Sources */,
				FF6CA32A20D5FE1C008C6175 /* MemeMeCollectionViewCell.swift in Sources */,
				FF6CA32820D5F8DB008C6175 /* MemeMeCollectionView.swift in Sources */,
			);
			runOnlyForDeploymentPostprocessing = 0;
		};
/* End PBXSourcesBuildPhase section */

/* Begin PBXVariantGroup section */
		FF0A737920B8392A00ECD3A3 /* Main.storyboard */ = {
			isa = PBXVariantGroup;
			children = (
				FF0A737A20B8392A00ECD3A3 /* Base */,
			);
			name = Main.storyboard;
			sourceTree = "<group>";
		};
		FF0A737E20B8392B00ECD3A3 /* LaunchScreen.storyboard */ = {
			isa = PBXVariantGroup;
			children = (
				FF0A737F20B8392B00ECD3A3 /* Base */,
			);
			name = LaunchScreen.storyboard;
			sourceTree = "<group>";
		};
/* End PBXVariantGroup section */

/* Begin XCBuildConfiguration section */
		FF0A738220B8392B00ECD3A3 /* Debug */ = {
			isa = XCBuildConfiguration;
			buildSettings = {
				ALWAYS_SEARCH_USER_PATHS = NO;
				CLANG_ANALYZER_NONNULL = YES;
				CLANG_ANALYZER_NUMBER_OBJECT_CONVERSION = YES_AGGRESSIVE;
				CLANG_CXX_LANGUAGE_STANDARD = "gnu++14";
				CLANG_CXX_LIBRARY = "libc++";
				CLANG_ENABLE_MODULES = YES;
				CLANG_ENABLE_OBJC_ARC = YES;
				CLANG_ENABLE_OBJC_WEAK = YES;
				CLANG_WARN_BLOCK_CAPTURE_AUTORELEASING = YES;
				CLANG_WARN_BOOL_CONVERSION = YES;
				CLANG_WARN_COMMA = YES;
				CLANG_WARN_CONSTANT_CONVERSION = YES;
				CLANG_WARN_DEPRECATED_OBJC_IMPLEMENTATIONS = YES;
				CLANG_WARN_DIRECT_OBJC_ISA_USAGE = YES_ERROR;
				CLANG_WARN_DOCUMENTATION_COMMENTS = YES;
				CLANG_WARN_EMPTY_BODY = YES;
				CLANG_WARN_ENUM_CONVERSION = YES;
				CLANG_WARN_INFINITE_RECURSION = YES;
				CLANG_WARN_INT_CONVERSION = YES;
				CLANG_WARN_NON_LITERAL_NULL_CONVERSION = YES;
				CLANG_WARN_OBJC_IMPLICIT_RETAIN_SELF = YES;
				CLANG_WARN_OBJC_LITERAL_CONVERSION = YES;
				CLANG_WARN_OBJC_ROOT_CLASS = YES_ERROR;
				CLANG_WARN_RANGE_LOOP_ANALYSIS = YES;
				CLANG_WARN_STRICT_PROTOTYPES = YES;
				CLANG_WARN_SUSPICIOUS_MOVE = YES;
				CLANG_WARN_UNGUARDED_AVAILABILITY = YES_AGGRESSIVE;
				CLANG_WARN_UNREACHABLE_CODE = YES;
				CLANG_WARN__DUPLICATE_METHOD_MATCH = YES;
				CODE_SIGN_IDENTITY = "iPhone Developer";
				COPY_PHASE_STRIP = NO;
				DEBUG_INFORMATION_FORMAT = dwarf;
				ENABLE_STRICT_OBJC_MSGSEND = YES;
				ENABLE_TESTABILITY = YES;
				GCC_C_LANGUAGE_STANDARD = gnu11;
				GCC_DYNAMIC_NO_PIC = NO;
				GCC_NO_COMMON_BLOCKS = YES;
				GCC_OPTIMIZATION_LEVEL = 0;
				GCC_PREPROCESSOR_DEFINITIONS = (
					"DEBUG=1",
					"$(inherited)",
				);
				GCC_WARN_64_TO_32_BIT_CONVERSION = YES;
				GCC_WARN_ABOUT_RETURN_TYPE = YES_ERROR;
				GCC_WARN_UNDECLARED_SELECTOR = YES;
				GCC_WARN_UNINITIALIZED_AUTOS = YES_AGGRESSIVE;
				GCC_WARN_UNUSED_FUNCTION = YES;
				GCC_WARN_UNUSED_VARIABLE = YES;
				IPHONEOS_DEPLOYMENT_TARGET = 11.3;
				MTL_ENABLE_DEBUG_INFO = YES;
				ONLY_ACTIVE_ARCH = YES;
				SDKROOT = iphoneos;
				SWIFT_ACTIVE_COMPILATION_CONDITIONS = DEBUG;
				SWIFT_OPTIMIZATION_LEVEL = "-Onone";
			};
			name = Debug;
		};
		FF0A738320B8392B00ECD3A3 /* Release */ = {
			isa = XCBuildConfiguration;
			buildSettings = {
				ALWAYS_SEARCH_USER_PATHS = NO;
				CLANG_ANALYZER_NONNULL = YES;
				CLANG_ANALYZER_NUMBER_OBJECT_CONVERSION = YES_AGGRESSIVE;
				CLANG_CXX_LANGUAGE_STANDARD = "gnu++14";
				CLANG_CXX_LIBRARY = "libc++";
				CLANG_ENABLE_MODULES = YES;
				CLANG_ENABLE_OBJC_ARC = YES;
				CLANG_ENABLE_OBJC_WEAK = YES;
				CLANG_WARN_BLOCK_CAPTURE_AUTORELEASING = YES;
				CLANG_WARN_BOOL_CONVERSION = YES;
				CLANG_WARN_COMMA = YES;
				CLANG_WARN_CONSTANT_CONVERSION = YES;
				CLANG_WARN_DEPRECATED_OBJC_IMPLEMENTATIONS = YES;
				CLANG_WARN_DIRECT_OBJC_ISA_USAGE = YES_ERROR;
				CLANG_WARN_DOCUMENTATION_COMMENTS = YES;
				CLANG_WARN_EMPTY_BODY = YES;
				CLANG_WARN_ENUM_CONVERSION = YES;
				CLANG_WARN_INFINITE_RECURSION = YES;
				CLANG_WARN_INT_CONVERSION = YES;
				CLANG_WARN_NON_LITERAL_NULL_CONVERSION = YES;
				CLANG_WARN_OBJC_IMPLICIT_RETAIN_SELF = YES;
				CLANG_WARN_OBJC_LITERAL_CONVERSION = YES;
				CLANG_WARN_OBJC_ROOT_CLASS = YES_ERROR;
				CLANG_WARN_RANGE_LOOP_ANALYSIS = YES;
				CLANG_WARN_STRICT_PROTOTYPES = YES;
				CLANG_WARN_SUSPICIOUS_MOVE = YES;
				CLANG_WARN_UNGUARDED_AVAILABILITY = YES_AGGRESSIVE;
				CLANG_WARN_UNREACHABLE_CODE = YES;
				CLANG_WARN__DUPLICATE_METHOD_MATCH = YES;
				CODE_SIGN_IDENTITY = "iPhone Developer";
				COPY_PHASE_STRIP = NO;
				DEBUG_INFORMATION_FORMAT = "dwarf-with-dsym";
				ENABLE_NS_ASSERTIONS = NO;
				ENABLE_STRICT_OBJC_MSGSEND = YES;
				GCC_C_LANGUAGE_STANDARD = gnu11;
				GCC_NO_COMMON_BLOCKS = YES;
				GCC_WARN_64_TO_32_BIT_CONVERSION = YES;
				GCC_WARN_ABOUT_RETURN_TYPE = YES_ERROR;
				GCC_WARN_UNDECLARED_SELECTOR = YES;
				GCC_WARN_UNINITIALIZED_AUTOS = YES_AGGRESSIVE;
				GCC_WARN_UNUSED_FUNCTION = YES;
				GCC_WARN_UNUSED_VARIABLE = YES;
				IPHONEOS_DEPLOYMENT_TARGET = 11.3;
				MTL_ENABLE_DEBUG_INFO = NO;
				SDKROOT = iphoneos;
				SWIFT_COMPILATION_MODE = wholemodule;
				SWIFT_OPTIMIZATION_LEVEL = "-O";
				VALIDATE_PRODUCT = YES;
			};
			name = Release;
		};
		FF0A738520B8392B00ECD3A3 /* Debug */ = {
			isa = XCBuildConfiguration;
			buildSettings = {
				ASSETCATALOG_COMPILER_APPICON_NAME = AppIcon;
				CODE_SIGN_STYLE = Automatic;
				DEVELOPMENT_TEAM = 4YCAN77X9L;
				INFOPLIST_FILE = MemeMeV1/Info.plist;
				LD_RUNPATH_SEARCH_PATHS = (
					"$(inherited)",
					"@executable_path/Frameworks",
				);
				PRODUCT_BUNDLE_IDENTIFIER = com.chillieguy.MemeMeV1;
				PRODUCT_NAME = "$(TARGET_NAME)";
				SWIFT_VERSION = 4.0;
				TARGETED_DEVICE_FAMILY = "1,2";
			};
			name = Debug;
		};
		FF0A738620B8392B00ECD3A3 /* Release */ = {
			isa = XCBuildConfiguration;
			buildSettings = {
				ASSETCATALOG_COMPILER_APPICON_NAME = AppIcon;
				CODE_SIGN_STYLE = Automatic;
				DEVELOPMENT_TEAM = 4YCAN77X9L;
				INFOPLIST_FILE = MemeMeV1/Info.plist;
				LD_RUNPATH_SEARCH_PATHS = (
					"$(inherited)",
					"@executable_path/Frameworks",
				);
				PRODUCT_BUNDLE_IDENTIFIER = com.chillieguy.MemeMeV1;
				PRODUCT_NAME = "$(TARGET_NAME)";
				SWIFT_VERSION = 4.0;
				TARGETED_DEVICE_FAMILY = "1,2";
			};
			name = Release;
		};
/* End XCBuildConfiguration section */

/* Begin XCConfigurationList section */
		FF0A736D20B8392A00ECD3A3 /* Build configuration list for PBXProject "MemeMeV1" */ = {
			isa = XCConfigurationList;
			buildConfigurations = (
				FF0A738220B8392B00ECD3A3 /* Debug */,
				FF0A738320B8392B00ECD3A3 /* Release */,
			);
			defaultConfigurationIsVisible = 0;
			defaultConfigurationName = Release;
		};
		FF0A738420B8392B00ECD3A3 /* Build configuration list for PBXNativeTarget "MemeMeV1" */ = {
			isa = XCConfigurationList;
			buildConfigurations = (
				FF0A738520B8392B00ECD3A3 /* Debug */,
				FF0A738620B8392B00ECD3A3 /* Release */,
			);
			defaultConfigurationIsVisible = 0;
			defaultConfigurationName = Release;
		};
/* End XCConfigurationList section */
	};
	rootObject = FF0A736A20B8392A00ECD3A3 /* Project object */;
}
